
Microsoft Visual Studio Solution File, Format Version 12.00
# Visual Studio Version 17
VisualStudioVersion = 17.9.34622.214
MinimumVisualStudioVersion = 10.0.40219.1
Project("{FAE04EC0-301F-11D3-BF4B-00C04F79EFBC}") = "PracticeApp", "PracticeApp\PracticeApp.csproj", "{13BE6C09-4796-4706-AC37-C56DAFFE6844}"
EndProject
Global
	GlobalSection(SolutionConfigurationPlatforms) = preSolution
		Debug|Any CPU = Debug|Any CPU
		Release|Any CPU = Release|Any CPU
	EndGlobalSection
	GlobalSection(ProjectConfigurationPlatforms) = postSolution
		{13BE6C09-4796-4706-AC37-C56DAFFE6844}.Debug|Any CPU.ActiveCfg = Debug|Any CPU
		{13BE6C09-4796-4706-AC37-C56DAFFE6844}.Debug|Any CPU.Build.0 = Debug|Any CPU
		{13BE6C09-4796-4706-AC37-C56DAFFE6844}.Release|Any CPU.ActiveCfg = Release|Any CPU
		{13BE6C09-4796-4706-AC37-C56DAFFE6844}.Release|Any CPU.Build.0 = Release|Any CPU
	EndGlobalSection
	GlobalSection(SolutionProperties) = preSolution
		HideSolutionNode = FALSE
	EndGlobalSection
	GlobalSection(ExtensibilityGlobals) = postSolution
		SolutionGuid = {16661116-C678-4E04-B219-5C21E4CF437B}
	EndGlobalSection
EndGlobal
